
Microsoft Visual Studio Solution File, Format Version 12.00
# Visual Studio Version 17
VisualStudioVersion = 17.5.002.0
MinimumVisualStudioVersion = 10.0.40219.1
Project("{2150E333-8FDC-42A3-9474-1A3956D46DE8}") = "src", "src", "{4BBE6871-5011-4C59-8552-E07B0792A489}"
EndProject
Project("{9A19103F-16F7-4668-BE54-9A1E7A4F7556}") = "ZeroNetworks", "src\ZN\ZeroNetworks.csproj", "{7B6C58FD-C0BB-486D-A51A-B7B8A609A1FC}"
EndProject
Global
	GlobalSection(SolutionConfigurationPlatforms) = preSolution
		Debug|Any CPU = Debug|Any CPU
		Release|Any CPU = Release|Any CPU
	EndGlobalSection
	GlobalSection(ProjectConfigurationPlatforms) = postSolution
		{7B6C58FD-C0BB-486D-A51A-B7B8A609A1FC}.Debug|Any CPU.ActiveCfg = Debug|Any CPU
		{7B6C58FD-C0BB-486D-A51A-B7B8A609A1FC}.Debug|Any CPU.Build.0 = Debug|Any CPU
		{7B6C58FD-C0BB-486D-A51A-B7B8A609A1FC}.Release|Any CPU.ActiveCfg = Release|Any CPU
		{7B6C58FD-C0BB-486D-A51A-B7B8A609A1FC}.Release|Any CPU.Build.0 = Release|Any CPU
	EndGlobalSection
	GlobalSection(SolutionProperties) = preSolution
		HideSolutionNode = FALSE
	EndGlobalSection
	GlobalSection(NestedProjects) = preSolution
		{7B6C58FD-C0BB-486D-A51A-B7B8A609A1FC} = {4BBE6871-5011-4C59-8552-E07B0792A489}
	EndGlobalSection
	GlobalSection(ExtensibilityGlobals) = postSolution
		SolutionGuid = {7B9B5947-9273-4348-B14D-FE8F9F749824}
	EndGlobalSection
EndGlobal
